{
  "nodes": {
    "anoptic-assets": {
      "flake": false,
      "locked": {
        "lastModified": 1783622638,
        "narHash": "sha256-vesz1jJtU69KmYLok6F2glf2gkyQJzp9RAfsA6/1u7E=",
        "owner": "Anoptic-Games",
        "repo": "assets-free",
        "rev": "87100fa6e01d0cea9a6b364d38e11510728cc3ef",
        "type": "github"
      },
      "original": {
        "owner": "Anoptic-Games",
        "repo": "assets-free",
        "type": "github"
      }
    },
    "cgltf-src": {
      "flake": false,
      "locked": {
        "lastModified": 1770064369,
        "narHash": "sha256-MZmf5IUDo+TxoA8SifLJotMN1bzGQpFMSryGXvcIIEc=",
        "owner": "jkuhlmann",
        "repo": "cgltf",
        "rev": "85cd62382dfea638278962690cf515023f33ed00",
        "type": "github"
      },
      "original": {
        "owner": "jkuhlmann",
        "repo": "cgltf",
        "rev": "85cd62382dfea638278962690cf515023f33ed00",
        "type": "github"
      }
    },
    "freetype-src": {
      "flake": false,
      "locked": {
        "lastModified": 1738122561,
        "narHash": "sha256-YxWz3O9see1dktqZnC551V12yU5jcOERTB1Hn1lwUNM=",
        "owner": "freetype",
        "repo": "freetype",
        "rev": "b1f47850878d232eea372ab167e760ccac4c4e32",
        "type": "github"
      },
      "original": {
        "owner": "freetype",
        "repo": "freetype",
        "rev": "b1f47850878d232eea372ab167e760ccac4c4e32",
        "type": "github"
      }
    },
    "glfw-src": {
      "flake": false,
      "locked": {
        "lastModified": 1708688731,
        "narHash": "sha256-FcnQPDeNHgov1Z07gjFze0VMz2diOrpbKZCsI96ngz0=",
        "owner": "glfw",
        "repo": "glfw",
        "rev": "7b6aead9fb88b3623e3b3725ebb42670cbe4c579",
        "type": "github"
      },
      "original": {
        "owner": "glfw",
        "repo": "glfw",
        "rev": "7b6aead9fb88b3623e3b3725ebb42670cbe4c579",
        "type": "github"
      }
    },
    "mimalloc-src": {
      "flake": false,
      "locked": {
        "lastModified": 1777501344,
        "narHash": "sha256-7wJ6IE6WXuIFmuuM1W5TawC4LYjhc18aYlaujnOXyx4=",
        "owner": "microsoft",
        "repo": "mimalloc",
        "rev": "02a2f5df9d7d46d30263b83832eebeeab62dc5fe",
        "type": "github"
      },
      "original": {
        "owner": "microsoft",
        "repo": "mimalloc",
        "rev": "02a2f5df9d7d46d30263b83832eebeeab62dc5fe",
        "type": "github"
      }
    },
    "nixpkgs": {
      "locked": {
        "lastModified": 1782723713,
        "narHash": "sha256-oPXCU/SSUokcGaJREHibG1CBX3+s/W7orDWQOZDsEeQ=",
        "owner": "NixOS",
        "repo": "nixpkgs",
        "rev": "b5aa0fbd538984f6e3d201be0005b4463d8b09f8",
        "type": "github"
      },
      "original": {
        "owner": "NixOS",
        "repo": "nixpkgs",
        "rev": "b5aa0fbd538984f6e3d201be0005b4463d8b09f8",
        "type": "github"
      }
    },
    "root": {
      "inputs": {
        "anoptic-assets": "anoptic-assets",
        "cgltf-src": "cgltf-src",
        "freetype-src": "freetype-src",
        "glfw-src": "glfw-src",
        "mimalloc-src": "mimalloc-src",
        "nixpkgs": "nixpkgs"
      }
    }
  },
  "root": "root",
  "version": 7
}
